
Microsoft Visual Studio Solution File, Format Version 12.00
# Visual Studio Version 17
VisualStudioVersion = 17.3.32922.545
MinimumVisualStudioVersion = 10.0.40219.1
Project("{FAE04EC0-301F-11D3-BF4B-00C04F79EFBC}") = "WebApplicationEgitimSitem", "WebApplicationEgitimSitem\WebApplicationEgitimSitem.csproj", "{59481AC9-6B23-46A8-9C0C-2BA28232E25A}"
EndProject
Global
	GlobalSection(SolutionConfigurationPlatforms) = preSolution
		Debug|Any CPU = Debug|Any CPU
		Release|Any CPU = Release|Any CPU
	EndGlobalSection
	GlobalSection(ProjectConfigurationPlatforms) = postSolution
		{59481AC9-6B23-46A8-9C0C-2BA28232E25A}.Debug|Any CPU.ActiveCfg = Debug|Any CPU
		{59481AC9-6B23-46A8-9C0C-2BA28232E25A}.Debug|Any CPU.Build.0 = Debug|Any CPU
		{59481AC9-6B23-46A8-9C0C-2BA28232E25A}.Release|Any CPU.ActiveCfg = Release|Any CPU
		{59481AC9-6B23-46A8-9C0C-2BA28232E25A}.Release|Any CPU.Build.0 = Release|Any CPU
	EndGlobalSection
	GlobalSection(SolutionProperties) = preSolution
		HideSolutionNode = FALSE
	EndGlobalSection
	GlobalSection(ExtensibilityGlobals) = postSolution
		SolutionGuid = {F37BA8C6-A65E-406C-A2C0-E0CE78CAC86F}
	EndGlobalSection
EndGlobal
